
Microsoft Visual Studio Solution File, Format Version 12.00
# Visual Studio Version 17
VisualStudioVersion = 17.3.32819.101
MinimumVisualStudioVersion = 10.0.40219.1
Project("{FAE04EC0-301F-11D3-BF4B-00C04F79EFBC}") = "WPF MVVM Application", "WPF MVVM Application\WPF MVVM Application.csproj", "{66C27B93-31AF-4BDB-9DA1-31AA2FBF4311}"
EndProject
Global
	GlobalSection(SolutionConfigurationPlatforms) = preSolution
		Debug|Any CPU = Debug|Any CPU
		Release|Any CPU = Release|Any CPU
	EndGlobalSection
	GlobalSection(ProjectConfigurationPlatforms) = postSolution
		{66C27B93-31AF-4BDB-9DA1-31AA2FBF4311}.Debug|Any CPU.ActiveCfg = Debug|Any CPU
		{66C27B93-31AF-4BDB-9DA1-31AA2FBF4311}.Debug|Any CPU.Build.0 = Debug|Any CPU
		{66C27B93-31AF-4BDB-9DA1-31AA2FBF4311}.Release|Any CPU.ActiveCfg = Release|Any CPU
		{66C27B93-31AF-4BDB-9DA1-31AA2FBF4311}.Release|Any CPU.Build.0 = Release|Any CPU
	EndGlobalSection
	GlobalSection(SolutionProperties) = preSolution
		HideSolutionNode = FALSE
	EndGlobalSection
	GlobalSection(ExtensibilityGlobals) = postSolution
		SolutionGuid = {118C2C9E-C68F-45CB-A381-258E69A1EAE2}
	EndGlobalSection
EndGlobal
